
Microsoft Visual Studio Solution File, Format Version 12.00
Project("{FAE04EC0-301F-11D3-BF4B-00C04F79EFBC}") = "Remote Healthcare", "Remote Healthcare\Remote Healthcare.csproj", "{D5D2702D-0F8E-48F7-85D6-A3FEC7424FF5}"
EndProject
Project("{FAE04EC0-301F-11D3-BF4B-00C04F79EFBC}") = "Central Server", "Central Server\Central Server.csproj", "{06EB24A6-CD7E-4F4C-9FAA-1D9EEFF767A7}"
EndProject
Project("{FAE04EC0-301F-11D3-BF4B-00C04F79EFBC}") = "Common", "Common\Common.csproj", "{D7A018D2-209D-4DC3-A229-0A92DC2DC1F8}"
EndProject
Project("{2150E333-8FDC-42A3-9474-1A3956D46DE8}") = "Tests", "Tests", "{302E745B-500A-442C-BCB2-704BDE45D0E7}"
EndProject
Global
	GlobalSection(SolutionConfigurationPlatforms) = preSolution
		Debug|Any CPU = Debug|Any CPU
		Release|Any CPU = Release|Any CPU
	EndGlobalSection
	GlobalSection(ProjectConfigurationPlatforms) = postSolution
		{D5D2702D-0F8E-48F7-85D6-A3FEC7424FF5}.Debug|Any CPU.ActiveCfg = Debug|Any CPU
		{D5D2702D-0F8E-48F7-85D6-A3FEC7424FF5}.Debug|Any CPU.Build.0 = Debug|Any CPU
		{D5D2702D-0F8E-48F7-85D6-A3FEC7424FF5}.Release|Any CPU.ActiveCfg = Release|Any CPU
		{D5D2702D-0F8E-48F7-85D6-A3FEC7424FF5}.Release|Any CPU.Build.0 = Release|Any CPU
		{06EB24A6-CD7E-4F4C-9FAA-1D9EEFF767A7}.Debug|Any CPU.ActiveCfg = Debug|Any CPU
		{06EB24A6-CD7E-4F4C-9FAA-1D9EEFF767A7}.Debug|Any CPU.Build.0 = Debug|Any CPU
		{06EB24A6-CD7E-4F4C-9FAA-1D9EEFF767A7}.Release|Any CPU.ActiveCfg = Release|Any CPU
		{06EB24A6-CD7E-4F4C-9FAA-1D9EEFF767A7}.Release|Any CPU.Build.0 = Release|Any CPU
		{D7A018D2-209D-4DC3-A229-0A92DC2DC1F8}.Debug|Any CPU.ActiveCfg = Debug|Any CPU
		{D7A018D2-209D-4DC3-A229-0A92DC2DC1F8}.Debug|Any CPU.Build.0 = Debug|Any CPU
		{D7A018D2-209D-4DC3-A229-0A92DC2DC1F8}.Release|Any CPU.ActiveCfg = Release|Any CPU
		{D7A018D2-209D-4DC3-A229-0A92DC2DC1F8}.Release|Any CPU.Build.0 = Release|Any CPU
	EndGlobalSection
EndGlobal
